// !$*UTF8*$!
{
	archiveVersion = 1;
	classes = {
	};
	objectVersion = 56;
	objects = {

/* Begin PBXBuildFile section */
		69783126292326A000D620D4 /* AppDelegate.swift in Sources */ = {isa = PBXBuildFile; fileRef = 69783125292326A000D620D4 /* AppDelegate.swift */; };
		69783128292326A000D620D4 /* SceneDelegate.swift in Sources */ = {isa = PBXBuildFile; fileRef = 69783127292326A000D620D4 /* SceneDelegate.swift */; };
		6978312A292326A000D620D4 /* ViewController.swift in Sources */ = {isa = PBXBuildFile; fileRef = 69783129292326A000D620D4 /* ViewController.swift */; };
		6978312D292326A000D620D4 /* Main.storyboard in Resources */ = {isa = PBXBuildFile; fileRef = 6978312B292326A000D620D4 /* Main.storyboard */; };
		6978312F292326A100D620D4 /* Assets.xcassets in Resources */ = {isa = PBXBuildFile; fileRef = 6978312E292326A100D620D4 /* Assets.xcassets */; };
		69783132292326A100D620D4 /* LaunchScreen.storyboard in Resources */ = {isa = PBXBuildFile; fileRef = 69783130292326A100D620D4 /* LaunchScreen.storyboard */; };
		6978313D292326A100D620D4 /* dinCalcTests.swift in Sources */ = {isa = PBXBuildFile; fileRef = 6978313C292326A100D620D4 /* dinCalcTests.swift */; };
		69783147292326A100D620D4 /* dinCalcUITests.swift in Sources */ = {isa = PBXBuildFile; fileRef = 69783146292326A100D620D4 /* dinCalcUITests.swift */; };
		69783149292326A100D620D4 /* dinCalcUITestsLaunchTests.swift in Sources */ = {isa = PBXBuildFile; fileRef = 69783148292326A100D620D4 /* dinCalcUITestsLaunchTests.swift */; };
/* End PBXBuildFile section */

/* Begin PBXContainerItemProxy section */
		69783139292326A100D620D4 /* PBXContainerItemProxy */ = {
			isa = PBXContainerItemProxy;
			containerPortal = 6978311A292326A000D620D4 /* Project object */;
			proxyType = 1;
			remoteGlobalIDString = 69783121292326A000D620D4;
			remoteInfo = dinCalc;
		};
		69783143292326A100D620D4 /* PBXContainerItemProxy */ = {
			isa = PBXContainerItemProxy;
			containerPortal = 6978311A292326A000D620D4 /* Project object */;
			proxyType = 1;
			remoteGlobalIDString = 69783121292326A000D620D4;
			remoteInfo = dinCalc;
		};
/* End PBXContainerItemProxy section */

/* Begin PBXFileReference section */
		69783122292326A000D620D4 /* dinCalc.app */ = {isa = PBXFileReference; explicitFileType = wrapper.application; includeInIndex = 0; path = dinCalc.app; sourceTree = BUILT_PRODUCTS_DIR; };
		69783125292326A000D620D4 /* AppDelegate.swift */ = {isa = PBXFileReference; lastKnownFileType = sourcecode.swift; path = AppDelegate.swift; sourceTree = "<group>"; };
		69783127292326A000D620D4 /* SceneDelegate.swift */ = {isa = PBXFileReference; lastKnownFileType = sourcecode.swift; path = SceneDelegate.swift; sourceTree = "<group>"; };
		69783129292326A000D620D4 /* ViewController.swift */ = {isa = PBXFileReference; lastKnownFileType = sourcecode.swift; path = ViewController.swift; sourceTree = "<group>"; };
		6978312C292326A000D620D4 /* Base */ = {isa = PBXFileReference; lastKnownFileType = file.storyboard; name = Base; path = Base.lproj/Main.storyboard; sourceTree = "<group>"; };
		6978312E292326A100D620D4 /* Assets.xcassets */ = {isa = PBXFileReference; lastKnownFileType = folder.assetcatalog; path = Assets.xcassets; sourceTree = "<group>"; };
		69783131292326A100D620D4 /* Base */ = {isa = PBXFileReference; lastKnownFileType = file.storyboard; name = Base; path = Base.lproj/LaunchScreen.storyboard; sourceTree = "<group>"; };
		69783133292326A100D620D4 /* Info.plist */ = {isa = PBXFileReference; lastKnownFileType = text.plist.xml; path = Info.plist; sourceTree = "<group>"; };
		69783138292326A100D620D4 /* dinCalcTests.xctest */ = {isa = PBXFileReference; explicitFileType = wrapper.cfbundle; includeInIndex = 0; path = dinCalcTests.xctest; sourceTree = BUILT_PRODUCTS_DIR; };
		6978313C292326A100D620D4 /* dinCalcTests.swift */ = {isa = PBXFileReference; lastKnownFileType = sourcecode.swift; path = dinCalcTests.swift; sourceTree = "<group>"; };
		69783142292326A100D620D4 /* dinCalcUITests.xctest */ = {isa = PBXFileReference; explicitFileType = wrapper.cfbundle; includeInIndex = 0; path = dinCalcUITests.xctest; sourceTree = BUILT_PRODUCTS_DIR; };
		69783146292326A100D620D4 /* dinCalcUITests.swift */ = {isa = PBXFileReference; lastKnownFileType = sourcecode.swift; path = dinCalcUITests.swift; sourceTree = "<group>"; };
		69783148292326A100D620D4 /* dinCalcUITestsLaunchTests.swift */ = {isa = PBXFileReference; lastKnownFileType = sourcecode.swift; path = dinCalcUITestsLaunchTests.swift; sourceTree = "<group>"; };
/* End PBXFileReference section */

/* Begin PBXFrameworksBuildPhase section */
		6978311F292326A000D620D4 /* Frameworks */ = {
			isa = PBXFrameworksBuildPhase;
			buildActionMask = 2147483647;
			files = (
			);
			runOnlyForDeploymentPostprocessing = 0;
		};
		69783135292326A100D620D4 /* Frameworks */ = {
			isa = PBXFrameworksBuildPhase;
			buildActionMask = 2147483647;
			files = (
			);
			runOnlyForDeploymentPostprocessing = 0;
		};
		6978313F292326A100D620D4 /* Frameworks */ = {
			isa = PBXFrameworksBuildPhase;
			buildActionMask = 2147483647;
			files = (
			);
			runOnlyForDeploymentPostprocessing = 0;
		};
/* End PBXFrameworksBuildPhase section */

/* Begin PBXGroup section */
		69783119292326A000D620D4 = {
			isa = PBXGroup;
			children = (
				69783124292326A000D620D4 /* dinCalc */,
				6978313B292326A100D620D4 /* dinCalcTests */,
				69783145292326A100D620D4 /* dinCalcUITests */,
				69783123292326A000D620D4 /* Products */,
			);
			sourceTree = "<group>";
		};
		69783123292326A000D620D4 /* Products */ = {
			isa = PBXGroup;
			children = (
				69783122292326A000D620D4 /* dinCalc.app */,
				69783138292326A100D620D4 /* dinCalcTests.xctest */,
				69783142292326A100D620D4 /* dinCalcUITests.xctest */,
			);
			name = Products;
			sourceTree = "<group>";
		};
		69783124292326A000D620D4 /* dinCalc */ = {
			isa = PBXGroup;
			children = (
				69783125292326A000D620D4 /* AppDelegate.swift */,
				69783127292326A000D620D4 /* SceneDelegate.swift */,
				69783129292326A000D620D4 /* ViewController.swift */,
				6978312B292326A000D620D4 /* Main.storyboard */,
				6978312E292326A100D620D4 /* Assets.xcassets */,
				69783130292326A100D620D4 /* LaunchScreen.storyboard */,
				69783133292326A100D620D4 /* Info.plist */,
			);
			path = dinCalc;
			sourceTree = "<group>";
		};
		6978313B292326A100D620D4 /* dinCalcTests */ = {
			isa = PBXGroup;
			children = (
				6978313C292326A100D620D4 /* dinCalcTests.swift */,
			);
			path = dinCalcTests;
			sourceTree = "<group>";
		};
		69783145292326A100D620D4 /* dinCalcUITests */ = {
			isa = PBXGroup;
			children = (
				69783146292326A100D620D4 /* dinCalcUITests.swift */,
				69783148292326A100D620D4 /* dinCalcUITestsLaunchTests.swift */,
			);
			path = dinCalcUITests;
			sourceTree = "<group>";
		};
/* End PBXGroup section */

/* Begin PBXNativeTarget section */
		69783121292326A000D620D4 /* dinCalc */ = {
			isa = PBXNativeTarget;
			buildConfigurationList = 6978314C292326A100D620D4 /* Build configuration list for PBXNativeTarget "dinCalc" */;
			buildPhases = (
				6978311E292326A000D620D4 /* Sources */,
				6978311F292326A000D620D4 /* Frameworks */,
				69783120292326A000D620D4 /* Resources */,
			);
			buildRules = (
			);
			dependencies = (
			);
			name = dinCalc;
			productName = dinCalc;
			productReference = 69783122292326A000D620D4 /* dinCalc.app */;
			productType = "com.apple.product-type.application";
		};
		69783137292326A100D620D4 /* dinCalcTests */ = {
			isa = PBXNativeTarget;
			buildConfigurationList = 6978314F292326A100D620D4 /* Build configuration list for PBXNativeTarget "dinCalcTests" */;
			buildPhases = (
				69783134292326A100D620D4 /* Sources */,
				69783135292326A100D620D4 /* Frameworks */,
				69783136292326A100D620D4 /* Resources */,
			);
			buildRules = (
			);
			dependencies = (
				6978313A292326A100D620D4 /* PBXTargetDependency */,
			);
			name = dinCalcTests;
			productName = dinCalcTests;
			productReference = 69783138292326A100D620D4 /* dinCalcTests.xctest */;
			productType = "com.apple.product-type.bundle.unit-test";
		};
		69783141292326A100D620D4 /* dinCalcUITests */ = {
			isa = PBXNativeTarget;
			buildConfigurationList = 69783152292326A100D620D4 /* Build configuration list for PBXNativeTarget "dinCalcUITests" */;
			buildPhases = (
				6978313E292326A100D620D4 /* Sources */,
				6978313F292326A100D620D4 /* Frameworks */,
				69783140292326A100D620D4 /* Resources */,
			);
			buildRules = (
			);
			dependencies = (
				69783144292326A100D620D4 /* PBXTargetDependency */,
			);
			name = dinCalcUITests;
			productName = dinCalcUITests;
			productReference = 69783142292326A100D620D4 /* dinCalcUITests.xctest */;
			productType = "com.apple.product-type.bundle.ui-testing";
		};
/* End PBXNativeTarget section */

/* Begin PBXProject section */
		6978311A292326A000D620D4 /* Project object */ = {
			isa = PBXProject;
			attributes = {
				BuildIndependentTargetsInParallel = 1;
				LastSwiftUpdateCheck = 1410;
				LastUpgradeCheck = 1410;
				TargetAttributes = {
					69783121292326A000D620D4 = {
						CreatedOnToolsVersion = 14.1;
					};
					69783137292326A100D620D4 = {
						CreatedOnToolsVersion = 14.1;
						TestTargetID = 69783121292326A000D620D4;
					};
					69783141292326A100D620D4 = {
						CreatedOnToolsVersion = 14.1;
						TestTargetID = 69783121292326A000D620D4;
					};
				};
			};
			buildConfigurationList = 6978311D292326A000D620D4 /* Build configuration list for PBXProject "dinCalc" */;
			compatibilityVersion = "Xcode 14.0";
			developmentRegion = en;
			hasScannedForEncodings = 0;
			knownRegions = (
				en,
				Base,
			);
			mainGroup = 69783119292326A000D620D4;
			productRefGroup = 69783123292326A000D620D4 /* Products */;
			projectDirPath = "";
			projectRoot = "";
			targets = (
				69783121292326A000D620D4 /* dinCalc */,
				69783137292326A100D620D4 /* dinCalcTests */,
				69783141292326A100D620D4 /* dinCalcUITests */,
			);
		};
/* End PBXProject section */

/* Begin PBXResourcesBuildPhase section */
		69783120292326A000D620D4 /* Resources */ = {
			isa = PBXResourcesBuildPhase;
			buildActionMask = 2147483647;
			files = (
				69783132292326A100D620D4 /* LaunchScreen.storyboard in Resources */,
				6978312F292326A100D620D4 /* Assets.xcassets in Resources */,
				6978312D292326A000D620D4 /* Main.storyboard in Resources */,
			);
			runOnlyForDeploymentPostprocessing = 0;
		};
		69783136292326A100D620D4 /* Resources */ = {
			isa = PBXResourcesBuildPhase;
			buildActionMask = 2147483647;
			files = (
			);
			runOnlyForDeploymentPostprocessing = 0;
		};
		69783140292326A100D620D4 /* Resources */ = {
			isa = PBXResourcesBuildPhase;
			buildActionMask = 2147483647;
			files = (
			);
			runOnlyForDeploymentPostprocessing = 0;
		};
/* End PBXResourcesBuildPhase section */

/* Begin PBXSourcesBuildPhase section */
		6978311E292326A000D620D4 /* Sources */ = {
			isa = PBXSourcesBuildPhase;
			buildActionMask = 2147483647;
			files = (
				6978312A292326A000D620D4 /* ViewController.swift in Sources */,
				69783126292326A000D620D4 /* AppDelegate.swift in Sources */,
				69783128292326A000D620D4 /* SceneDelegate.swift in Sources */,
			);
			runOnlyForDeploymentPostprocessing = 0;
		};
		69783134292326A100D620D4 /* Sources */ = {
			isa = PBXSourcesBuildPhase;
			buildActionMask = 2147483647;
			files = (
				6978313D292326A100D620D4 /* dinCalcTests.swift in Sources */,
			);
			runOnlyForDeploymentPostprocessing = 0;
		};
		6978313E292326A100D620D4 /* Sources */ = {
			isa = PBXSourcesBuildPhase;
			buildActionMask = 2147483647;
			files = (
				69783147292326A100D620D4 /* dinCalcUITests.swift in Sources */,
				69783149292326A100D620D4 /* dinCalcUITestsLaunchTests.swift in Sources */,
			);
			runOnlyForDeploymentPostprocessing = 0;
		};
/* End PBXSourcesBuildPhase section */

/* Begin PBXTargetDependency section */
		6978313A292326A100D620D4 /* PBXTargetDependency */ = {
			isa = PBXTargetDependency;
			target = 69783121292326A000D620D4 /* dinCalc */;
			targetProxy = 69783139292326A100D620D4 /* PBXContainerItemProxy */;
		};
		69783144292326A100D620D4 /* PBXTargetDependency */ = {
			isa = PBXTargetDependency;
			target = 69783121292326A000D620D4 /* dinCalc */;
			targetProxy = 69783143292326A100D620D4 /* PBXContainerItemProxy */;
		};
/* End PBXTargetDependency section */

/* Begin PBXVariantGroup section */
		6978312B292326A000D620D4 /* Main.storyboard */ = {
			isa = PBXVariantGroup;
			children = (
				6978312C292326A000D620D4 /* Base */,
			);
			name = Main.storyboard;
			sourceTree = "<group>";
		};
		69783130292326A100D620D4 /* LaunchScreen.storyboard */ = {
			isa = PBXVariantGroup;
			children = (
				69783131292326A100D620D4 /* Base */,
			);
			name = LaunchScreen.storyboard;
			sourceTree = "<group>";
		};
/* End PBXVariantGroup section */

/* Begin XCBuildConfiguration section */
		6978314A292326A100D620D4 /* Debug */ = {
			isa = XCBuildConfiguration;
			buildSettings = {
				ALWAYS_SEARCH_USER_PATHS = NO;
				CLANG_ANALYZER_NONNULL = YES;
				CLANG_ANALYZER_NUMBER_OBJECT_CONVERSION = YES_AGGRESSIVE;
				CLANG_CXX_LANGUAGE_STANDARD = "gnu++20";
				CLANG_ENABLE_MODULES = YES;
				CLANG_ENABLE_OBJC_ARC = YES;
				CLANG_ENABLE_OBJC_WEAK = YES;
				CLANG_WARN_BLOCK_CAPTURE_AUTORELEASING = YES;
				CLANG_WARN_BOOL_CONVERSION = YES;
				CLANG_WARN_COMMA = YES;
				CLANG_WARN_CONSTANT_CONVERSION = YES;
				CLANG_WARN_DEPRECATED_OBJC_IMPLEMENTATIONS = YES;
				CLANG_WARN_DIRECT_OBJC_ISA_USAGE = YES_ERROR;
				CLANG_WARN_DOCUMENTATION_COMMENTS = YES;
				CLANG_WARN_EMPTY_BODY = YES;
				CLANG_WARN_ENUM_CONVERSION = YES;
				CLANG_WARN_INFINITE_RECURSION = YES;
				CLANG_WARN_INT_CONVERSION = YES;
				CLANG_WARN_NON_LITERAL_NULL_CONVERSION = YES;
				CLANG_WARN_OBJC_IMPLICIT_RETAIN_SELF = YES;
				CLANG_WARN_OBJC_LITERAL_CONVERSION = YES;
				CLANG_WARN_OBJC_ROOT_CLASS = YES_ERROR;
				CLANG_WARN_QUOTED_INCLUDE_IN_FRAMEWORK_HEADER = YES;
				CLANG_WARN_RANGE_LOOP_ANALYSIS = YES;
				CLANG_WARN_STRICT_PROTOTYPES = YES;
				CLANG_WARN_SUSPICIOUS_MOVE = YES;
				CLANG_WARN_UNGUARDED_AVAILABILITY = YES_AGGRESSIVE;
				CLANG_WARN_UNREACHABLE_CODE = YES;
				CLANG_WARN__DUPLICATE_METHOD_MATCH = YES;
				COPY_PHASE_STRIP = NO;
				DEBUG_INFORMATION_FORMAT = dwarf;
				ENABLE_STRICT_OBJC_MSGSEND = YES;
				ENABLE_TESTABILITY = YES;
				GCC_C_LANGUAGE_STANDARD = gnu11;
				GCC_DYNAMIC_NO_PIC = NO;
				GCC_NO_COMMON_BLOCKS = YES;
				GCC_OPTIMIZATION_LEVEL = 0;
				GCC_PREPROCESSOR_DEFINITIONS = (
					"DEBUG=1",
					"$(inherited)",
				);
				GCC_WARN_64_TO_32_BIT_CONVERSION = YES;
				GCC_WARN_ABOUT_RETURN_TYPE = YES_ERROR;
				GCC_WARN_UNDECLARED_SELECTOR = YES;
				GCC_WARN_UNINITIALIZED_AUTOS = YES_AGGRESSIVE;
				GCC_WARN_UNUSED_FUNCTION = YES;
				GCC_WARN_UNUSED_VARIABLE = YES;
				IPHONEOS_DEPLOYMENT_TARGET = 16.1;
				MTL_ENABLE_DEBUG_INFO = INCLUDE_SOURCE;
				MTL_FAST_MATH = YES;
				ONLY_ACTIVE_ARCH = YES;
				SDKROOT = iphoneos;
				SWIFT_ACTIVE_COMPILATION_CONDITIONS = DEBUG;
				SWIFT_OPTIMIZATION_LEVEL = "-Onone";
			};
			name = Debug;
		};
		6978314B292326A100D620D4 /* Release */ = {
			isa = XCBuildConfiguration;
			buildSettings = {
				ALWAYS_SEARCH_USER_PATHS = NO;
				CLANG_ANALYZER_NONNULL = YES;
				CLANG_ANALYZER_NUMBER_OBJECT_CONVERSION = YES_AGGRESSIVE;
				CLANG_CXX_LANGUAGE_STANDARD = "gnu++20";
				CLANG_ENABLE_MODULES = YES;
				CLANG_ENABLE_OBJC_ARC = YES;
				CLANG_ENABLE_OBJC_WEAK = YES;
				CLANG_WARN_BLOCK_CAPTURE_AUTORELEASING = YES;
				CLANG_WARN_BOOL_CONVERSION = YES;
				CLANG_WARN_COMMA = YES;
				CLANG_WARN_CONSTANT_CONVERSION = YES;
				CLANG_WARN_DEPRECATED_OBJC_IMPLEMENTATIONS = YES;
				CLANG_WARN_DIRECT_OBJC_ISA_USAGE = YES_ERROR;
				CLANG_WARN_DOCUMENTATION_COMMENTS = YES;
				CLANG_WARN_EMPTY_BODY = YES;
				CLANG_WARN_ENUM_CONVERSION = YES;
				CLANG_WARN_INFINITE_RECURSION = YES;
				CLANG_WARN_INT_CONVERSION = YES;
				CLANG_WARN_NON_LITERAL_NULL_CONVERSION = YES;
				CLANG_WARN_OBJC_IMPLICIT_RETAIN_SELF = YES;
				CLANG_WARN_OBJC_LITERAL_CONVERSION = YES;
				CLANG_WARN_OBJC_ROOT_CLASS = YES_ERROR;
				CLANG_WARN_QUOTED_INCLUDE_IN_FRAMEWORK_HEADER = YES;
				CLANG_WARN_RANGE_LOOP_ANALYSIS = YES;
				CLANG_WARN_STRICT_PROTOTYPES = YES;
				CLANG_WARN_SUSPICIOUS_MOVE = YES;
				CLANG_WARN_UNGUARDED_AVAILABILITY = YES_AGGRESSIVE;
				CLANG_WARN_UNREACHABLE_CODE = YES;
				CLANG_WARN__DUPLICATE_METHOD_MATCH = YES;
				COPY_PHASE_STRIP = NO;
				DEBUG_INFORMATION_FORMAT = "dwarf-with-dsym";
				ENABLE_NS_ASSERTIONS = NO;
				ENABLE_STRICT_OBJC_MSGSEND = YES;
				GCC_C_LANGUAGE_STANDARD = gnu11;
				GCC_NO_COMMON_BLOCKS = YES;
				GCC_WARN_64_TO_32_BIT_CONVERSION = YES;
				GCC_WARN_ABOUT_RETURN_TYPE = YES_ERROR;
				GCC_WARN_UNDECLARED_SELECTOR = YES;
				GCC_WARN_UNINITIALIZED_AUTOS = YES_AGGRESSIVE;
				GCC_WARN_UNUSED_FUNCTION = YES;
				GCC_WARN_UNUSED_VARIABLE = YES;
				IPHONEOS_DEPLOYMENT_TARGET = 16.1;
				MTL_ENABLE_DEBUG_INFO = NO;
				MTL_FAST_MATH = YES;
				SDKROOT = iphoneos;
				SWIFT_COMPILATION_MODE = wholemodule;
				SWIFT_OPTIMIZATION_LEVEL = "-O";
				VALIDATE_PRODUCT = YES;
			};
			name = Release;
		};
		6978314D292326A100D620D4 /* Debug */ = {
			isa = XCBuildConfiguration;
			buildSettings = {
				ASSETCATALOG_COMPILER_APPICON_NAME = AppIcon;
				ASSETCATALOG_COMPILER_GLOBAL_ACCENT_COLOR_NAME = AccentColor;
				CODE_SIGN_STYLE = Automatic;
				CURRENT_PROJECT_VERSION = 1;
				DEVELOPMENT_TEAM = V7TSP6DWBC;
				GENERATE_INFOPLIST_FILE = YES;
				INFOPLIST_FILE = dinCalc/Info.plist;
				INFOPLIST_KEY_UIApplicationSupportsIndirectInputEvents = YES;
				INFOPLIST_KEY_UILaunchStoryboardName = LaunchScreen;
				INFOPLIST_KEY_UIMainStoryboardFile = Main;
				INFOPLIST_KEY_UISupportedInterfaceOrientations_iPad = "UIInterfaceOrientationPortrait UIInterfaceOrientationPortraitUpsideDown UIInterfaceOrientationLandscapeLeft UIInterfaceOrientationLandscapeRight";
				INFOPLIST_KEY_UISupportedInterfaceOrientations_iPhone = "UIInterfaceOrientationPortrait UIInterfaceOrientationLandscapeLeft UIInterfaceOrientationLandscapeRight";
				LD_RUNPATH_SEARCH_PATHS = (
					"$(inherited)",
					"@executable_path/Frameworks",
				);
				MARKETING_VERSION = 1.0;
				PRODUCT_BUNDLE_IDENTIFIER = com.Jay.dinCalc;
				PRODUCT_NAME = "$(TARGET_NAME)";
				SWIFT_EMIT_LOC_STRINGS = YES;
				SWIFT_VERSION = 5.0;
				TARGETED_DEVICE_FAMILY = "1,2";
			};
			name = Debug;
		};
		6978314E292326A100D620D4 /* Release */ = {
			isa = XCBuildConfiguration;
			buildSettings = {
				ASSETCATALOG_COMPILER_APPICON_NAME = AppIcon;
				ASSETCATALOG_COMPILER_GLOBAL_ACCENT_COLOR_NAME = AccentColor;
				CODE_SIGN_STYLE = Automatic;
				CURRENT_PROJECT_VERSION = 1;
				DEVELOPMENT_TEAM = V7TSP6DWBC;
				GENERATE_INFOPLIST_FILE = YES;
				INFOPLIST_FILE = dinCalc/Info.plist;
				INFOPLIST_KEY_UIApplicationSupportsIndirectInputEvents = YES;
				INFOPLIST_KEY_UILaunchStoryboardName = LaunchScreen;
				INFOPLIST_KEY_UIMainStoryboardFile = Main;
				INFOPLIST_KEY_UISupportedInterfaceOrientations_iPad = "UIInterfaceOrientationPortrait UIInterfaceOrientationPortraitUpsideDown UIInterfaceOrientationLandscapeLeft UIInterfaceOrientationLandscapeRight";
				INFOPLIST_KEY_UISupportedInterfaceOrientations_iPhone = "UIInterfaceOrientationPortrait UIInterfaceOrientationLandscapeLeft UIInterfaceOrientationLandscapeRight";
				LD_RUNPATH_SEARCH_PATHS = (
					"$(inherited)",
					"@executable_path/Frameworks",
				);
				MARKETING_VERSION = 1.0;
				PRODUCT_BUNDLE_IDENTIFIER = com.Jay.dinCalc;
				PRODUCT_NAME = "$(TARGET_NAME)";
				SWIFT_EMIT_LOC_STRINGS = YES;
				SWIFT_VERSION = 5.0;
				TARGETED_DEVICE_FAMILY = "1,2";
			};
			name = Release;
		};
		69783150292326A100D620D4 /* Debug */ = {
			isa = XCBuildConfiguration;
			buildSettings = {
				ALWAYS_EMBED_SWIFT_STANDARD_LIBRARIES = YES;
				BUNDLE_LOADER = "$(TEST_HOST)";
				CODE_SIGN_STYLE = Automatic;
				CURRENT_PROJECT_VERSION = 1;
				DEVELOPMENT_TEAM = V7TSP6DWBC;
				GENERATE_INFOPLIST_FILE = YES;
				IPHONEOS_DEPLOYMENT_TARGET = 16.1;
				MARKETING_VERSION = 1.0;
				PRODUCT_BUNDLE_IDENTIFIER = com.Jay.dinCalcTests;
				PRODUCT_NAME = "$(TARGET_NAME)";
				SWIFT_EMIT_LOC_STRINGS = NO;
				SWIFT_VERSION = 5.0;
				TARGETED_DEVICE_FAMILY = "1,2";
				TEST_HOST = "$(BUILT_PRODUCTS_DIR)/dinCalc.app/$(BUNDLE_EXECUTABLE_FOLDER_PATH)/dinCalc";
			};
			name = Debug;
		};
		69783151292326A100D620D4 /* Release */ = {
			isa = XCBuildConfiguration;
			buildSettings = {
				ALWAYS_EMBED_SWIFT_STANDARD_LIBRARIES = YES;
				BUNDLE_LOADER = "$(TEST_HOST)";
				CODE_SIGN_STYLE = Automatic;
				CURRENT_PROJECT_VERSION = 1;
				DEVELOPMENT_TEAM = V7TSP6DWBC;
				GENERATE_INFOPLIST_FILE = YES;
				IPHONEOS_DEPLOYMENT_TARGET = 16.1;
				MARKETING_VERSION = 1.0;
				PRODUCT_BUNDLE_IDENTIFIER = com.Jay.dinCalcTests;
				PRODUCT_NAME = "$(TARGET_NAME)";
				SWIFT_EMIT_LOC_STRINGS = NO;
				SWIFT_VERSION = 5.0;
				TARGETED_DEVICE_FAMILY = "1,2";
				TEST_HOST = "$(BUILT_PRODUCTS_DIR)/dinCalc.app/$(BUNDLE_EXECUTABLE_FOLDER_PATH)/dinCalc";
			};
			name = Release;
		};
		69783153292326A100D620D4 /* Debug */ = {
			isa = XCBuildConfiguration;
			buildSettings = {
				ALWAYS_EMBED_SWIFT_STANDARD_LIBRARIES = YES;
				CODE_SIGN_STYLE = Automatic;
				CURRENT_PROJECT_VERSION = 1;
				DEVELOPMENT_TEAM = V7TSP6DWBC;
				GENERATE_INFOPLIST_FILE = YES;
				MARKETING_VERSION = 1.0;
				PRODUCT_BUNDLE_IDENTIFIER = com.Jay.dinCalcUITests;
				PRODUCT_NAME = "$(TARGET_NAME)";
				SWIFT_EMIT_LOC_STRINGS = NO;
				SWIFT_VERSION = 5.0;
				TARGETED_DEVICE_FAMILY = "1,2";
				TEST_TARGET_NAME = dinCalc;
			};
			name = Debug;
		};
		69783154292326A100D620D4 /* Release */ = {
			isa = XCBuildConfiguration;
			buildSettings = {
				ALWAYS_EMBED_SWIFT_STANDARD_LIBRARIES = YES;
				CODE_SIGN_STYLE = Automatic;
				CURRENT_PROJECT_VERSION = 1;
				DEVELOPMENT_TEAM = V7TSP6DWBC;
				GENERATE_INFOPLIST_FILE = YES;
				MARKETING_VERSION = 1.0;
				PRODUCT_BUNDLE_IDENTIFIER = com.Jay.dinCalcUITests;
				PRODUCT_NAME = "$(TARGET_NAME)";
				SWIFT_EMIT_LOC_STRINGS = NO;
				SWIFT_VERSION = 5.0;
				TARGETED_DEVICE_FAMILY = "1,2";
				TEST_TARGET_NAME = dinCalc;
			};
			name = Release;
		};
/* End XCBuildConfiguration section */

/* Begin XCConfigurationList section */
		6978311D292326A000D620D4 /* Build configuration list for PBXProject "dinCalc" */ = {
			isa = XCConfigurationList;
			buildConfigurations = (
				6978314A292326A100D620D4 /* Debug */,
				6978314B292326A100D620D4 /* Release */,
			);
			defaultConfigurationIsVisible = 0;
			defaultConfigurationName = Release;
		};
		6978314C292326A100D620D4 /* Build configuration list for PBXNativeTarget "dinCalc" */ = {
			isa = XCConfigurationList;
			buildConfigurations = (
				6978314D292326A100D620D4 /* Debug */,
				6978314E292326A100D620D4 /* Release */,
			);
			defaultConfigurationIsVisible = 0;
			defaultConfigurationName = Release;
		};
		6978314F292326A100D620D4 /* Build configuration list for PBXNativeTarget "dinCalcTests" */ = {
			isa = XCConfigurationList;
			buildConfigurations = (
				69783150292326A100D620D4 /* Debug */,
				69783151292326A100D620D4 /* Release */,
			);
			defaultConfigurationIsVisible = 0;
			defaultConfigurationName = Release;
		};
		69783152292326A100D620D4 /* Build configuration list for PBXNativeTarget "dinCalcUITests" */ = {
			isa = XCConfigurationList;
			buildConfigurations = (
				69783153292326A100D620D4 /* Debug */,
				69783154292326A100D620D4 /* Release */,
			);
			defaultConfigurationIsVisible = 0;
			defaultConfigurationName = Release;
		};
/* End XCConfigurationList section */
	};
	rootObject = 6978311A292326A000D620D4 /* Project object */;
}
